// !$*UTF8*$!
{
	archiveVersion = 1;
	classes = {
	};
	objectVersion = 46;
	objects = {

/* Begin PBXBuildFile section */
		355C6EA51AA6F7A7008C168D /* main.m in Sources */ = {isa = PBXBuildFile; fileRef = 355C6EA41AA6F7A7008C168D /* main.m */; };
		355C6EA81AA6F7A7008C168D /* AppDelegate.m in Sources */ = {isa = PBXBuildFile; fileRef = 355C6EA71AA6F7A7008C168D /* AppDelegate.m */; };
		355C6EAB1AA6F7A7008C168D /* ViewController.m in Sources */ = {isa = PBXBuildFile; fileRef = 355C6EAA1AA6F7A7008C168D /* ViewController.m */; };
		355C6EAE1AA6F7A7008C168D /* Main.storyboard in Resources */ = {isa = PBXBuildFile; fileRef = 355C6EAC1AA6F7A7008C168D /* Main.storyboard */; };
		355C6EB01AA6F7A7008C168D /* Images.xcassets in Resources */ = {isa = PBXBuildFile; fileRef = 355C6EAF1AA6F7A7008C168D /* Images.xcassets */; };
		355C6EB31AA6F7A7008C168D /* LaunchScreen.xib in Resources */ = {isa = PBXBuildFile; fileRef = 355C6EB11AA6F7A7008C168D /* LaunchScreen.xib */; };
		355C6EBF1AA6F7A7008C168D /* FXMarkSliderTests.m in Sources */ = {isa = PBXBuildFile; fileRef = 355C6EBE1AA6F7A7008C168D /* FXMarkSliderTests.m */; };
		355C6ECA1AA6F7BE008C168D /* FXMarkSlider.m in Sources */ = {isa = PBXBuildFile; fileRef = 355C6EC91AA6F7BE008C168D /* FXMarkSlider.m */; };
/* End PBXBuildFile section */

/* Begin PBXContainerItemProxy section */
		355C6EB91AA6F7A7008C168D /* PBXContainerItemProxy */ = {
			isa = PBXContainerItemProxy;
			containerPortal = 355C6E971AA6F7A7008C168D /* Project object */;
			proxyType = 1;
			remoteGlobalIDString = 355C6E9E1AA6F7A7008C168D;
			remoteInfo = FXMarkSlider;
		};
/* End PBXContainerItemProxy section */

/* Begin PBXFileReference section */
		355C6E9F1AA6F7A7008C168D /* FXMarkSlider.app */ = {isa = PBXFileReference; explicitFileType = wrapper.application; includeInIndex = 0; path = FXMarkSlider.app; sourceTree = BUILT_PRODUCTS_DIR; };
		355C6EA31AA6F7A7008C168D /* Info.plist */ = {isa = PBXFileReference; lastKnownFileType = text.plist.xml; path = Info.plist; sourceTree = "<group>"; };
		355C6EA41AA6F7A7008C168D /* main.m */ = {isa = PBXFileReference; lastKnownFileType = sourcecode.c.objc; path = main.m; sourceTree = "<group>"; };
		355C6EA61AA6F7A7008C168D /* AppDelegate.h */ = {isa = PBXFileReference; lastKnownFileType = sourcecode.c.h; path = AppDelegate.h; sourceTree = "<group>"; };
		355C6EA71AA6F7A7008C168D /* AppDelegate.m */ = {isa = PBXFileReference; lastKnownFileType = sourcecode.c.objc; path = AppDelegate.m; sourceTree = "<group>"; };
		355C6EA91AA6F7A7008C168D /* ViewController.h */ = {isa = PBXFileReference; lastKnownFileType = sourcecode.c.h; path = ViewController.h; sourceTree = "<group>"; };
		355C6EAA1AA6F7A7008C168D /* ViewController.m */ = {isa = PBXFileReference; lastKnownFileType = sourcecode.c.objc; path = ViewController.m; sourceTree = "<group>"; };
		355C6EAD1AA6F7A7008C168D /* Base */ = {isa = PBXFileReference; lastKnownFileType = file.storyboard; name = Base; path = Base.lproj/Main.storyboard; sourceTree = "<group>"; };
		355C6EAF1AA6F7A7008C168D /* Images.xcassets */ = {isa = PBXFileReference; lastKnownFileType = folder.assetcatalog; path = Images.xcassets; sourceTree = "<group>"; };
		355C6EB21AA6F7A7008C168D /* Base */ = {isa = PBXFileReference; lastKnownFileType = file.xib; name = Base; path = Base.lproj/LaunchScreen.xib; sourceTree = "<group>"; };
		355C6EB81AA6F7A7008C168D /* FXMarkSliderTests.xctest */ = {isa = PBXFileReference; explicitFileType = wrapper.cfbundle; includeInIndex = 0; path = FXMarkSliderTests.xctest; sourceTree = BUILT_PRODUCTS_DIR; };
		355C6EBD1AA6F7A7008C168D /* Info.plist */ = {isa = PBXFileReference; lastKnownFileType = text.plist.xml; path = Info.plist; sourceTree = "<group>"; };
		355C6EBE1AA6F7A7008C168D /* FXMarkSliderTests.m */ = {isa = PBXFileReference; lastKnownFileType = sourcecode.c.objc; path = FXMarkSliderTests.m; sourceTree = "<group>"; };
		355C6EC81AA6F7BE008C168D /* FXMarkSlider.h */ = {isa = PBXFileReference; fileEncoding = 4; lastKnownFileType = sourcecode.c.h; path = FXMarkSlider.h; sourceTree = "<group>"; };
		355C6EC91AA6F7BE008C168D /* FXMarkSlider.m */ = {isa = PBXFileReference; fileEncoding = 4; lastKnownFileType = sourcecode.c.objc; path = FXMarkSlider.m; sourceTree = "<group>"; };
/* End PBXFileReference section */

/* Begin PBXFrameworksBuildPhase section */
		355C6E9C1AA6F7A7008C168D /* Frameworks */ = {
			isa = PBXFrameworksBuildPhase;
			buildActionMask = 2147483647;
			files = (
			);
			runOnlyForDeploymentPostprocessing = 0;
		};
		355C6EB51AA6F7A7008C168D /* Frameworks */ = {
			isa = PBXFrameworksBuildPhase;
			buildActionMask = 2147483647;
			files = (
			);
			runOnlyForDeploymentPostprocessing = 0;
		};
/* End PBXFrameworksBuildPhase section */

/* Begin PBXGroup section */
		355C6E961AA6F7A7008C168D = {
			isa = PBXGroup;
			children = (
				355C6EA11AA6F7A7008C168D /* FXMarkSlider */,
				355C6EBB1AA6F7A7008C168D /* FXMarkSliderTests */,
				355C6EA01AA6F7A7008C168D /* Products */,
			);
			sourceTree = "<group>";
		};
		355C6EA01AA6F7A7008C168D /* Products */ = {
			isa = PBXGroup;
			children = (
				355C6E9F1AA6F7A7008C168D /* FXMarkSlider.app */,
				355C6EB81AA6F7A7008C168D /* FXMarkSliderTests.xctest */,
			);
			name = Products;
			sourceTree = "<group>";
		};
		355C6EA11AA6F7A7008C168D /* FXMarkSlider */ = {
			isa = PBXGroup;
			children = (
				355C6EC81AA6F7BE008C168D /* FXMarkSlider.h */,
				355C6EC91AA6F7BE008C168D /* FXMarkSlider.m */,
				355C6EA61AA6F7A7008C168D /* AppDelegate.h */,
				355C6EA71AA6F7A7008C168D /* AppDelegate.m */,
				355C6EA91AA6F7A7008C168D /* ViewController.h */,
				355C6EAA1AA6F7A7008C168D /* ViewController.m */,
				355C6EAC1AA6F7A7008C168D /* Main.storyboard */,
				355C6EAF1AA6F7A7008C168D /* Images.xcassets */,
				355C6EB11AA6F7A7008C168D /* LaunchScreen.xib */,
				355C6EA21AA6F7A7008C168D /* Supporting Files */,
			);
			path = FXMarkSlider;
			sourceTree = "<group>";
		};
		355C6EA21AA6F7A7008C168D /* Supporting Files */ = {
			isa = PBXGroup;
			children = (
				355C6EA31AA6F7A7008C168D /* Info.plist */,
				355C6EA41AA6F7A7008C168D /* main.m */,
			);
			name = "Supporting Files";
			sourceTree = "<group>";
		};
		355C6EBB1AA6F7A7008C168D /* FXMarkSliderTests */ = {
			isa = PBXGroup;
			children = (
				355C6EBE1AA6F7A7008C168D /* FXMarkSliderTests.m */,
				355C6EBC1AA6F7A7008C168D /* Supporting Files */,
			);
			path = FXMarkSliderTests;
			sourceTree = "<group>";
		};
		355C6EBC1AA6F7A7008C168D /* Supporting Files */ = {
			isa = PBXGroup;
			children = (
				355C6EBD1AA6F7A7008C168D /* Info.plist */,
			);
			name = "Supporting Files";
			sourceTree = "<group>";
		};
/* End PBXGroup section */

/* Begin PBXNativeTarget section */
		355C6E9E1AA6F7A7008C168D /* FXMarkSlider */ = {
			isa = PBXNativeTarget;
			buildConfigurationList = 355C6EC21AA6F7A7008C168D /* Build configuration list for PBXNativeTarget "FXMarkSlider" */;
			buildPhases = (
				355C6E9B1AA6F7A7008C168D /* Sources */,
				355C6E9C1AA6F7A7008C168D /* Frameworks */,
				355C6E9D1AA6F7A7008C168D /* Resources */,
			);
			buildRules = (
			);
			dependencies = (
			);
			name = FXMarkSlider;
			productName = FXMarkSlider;
			productReference = 355C6E9F1AA6F7A7008C168D /* FXMarkSlider.app */;
			productType = "com.apple.product-type.application";
		};
		355C6EB71AA6F7A7008C168D /* FXMarkSliderTests */ = {
			isa = PBXNativeTarget;
			buildConfigurationList = 355C6EC51AA6F7A7008C168D /* Build configuration list for PBXNativeTarget "FXMarkSliderTests" */;
			buildPhases = (
				355C6EB41AA6F7A7008C168D /* Sources */,
				355C6EB51AA6F7A7008C168D /* Frameworks */,
				355C6EB61AA6F7A7008C168D /* Resources */,
			);
			buildRules = (
			);
			dependencies = (
				355C6EBA1AA6F7A7008C168D /* PBXTargetDependency */,
			);
			name = FXMarkSliderTests;
			productName = FXMarkSliderTests;
			productReference = 355C6EB81AA6F7A7008C168D /* FXMarkSliderTests.xctest */;
			productType = "com.apple.product-type.bundle.unit-test";
		};
/* End PBXNativeTarget section */

/* Begin PBXProject section */
		355C6E971AA6F7A7008C168D /* Project object */ = {
			isa = PBXProject;
			attributes = {
				LastUpgradeCheck = 0610;
				ORGANIZATIONNAME = e;
				TargetAttributes = {
					355C6E9E1AA6F7A7008C168D = {
						CreatedOnToolsVersion = 6.1;
					};
					355C6EB71AA6F7A7008C168D = {
						CreatedOnToolsVersion = 6.1;
						TestTargetID = 355C6E9E1AA6F7A7008C168D;
					};
				};
			};
			buildConfigurationList = 355C6E9A1AA6F7A7008C168D /* Build configuration list for PBXProject "FXMarkSlider" */;
			compatibilityVersion = "Xcode 3.2";
			developmentRegion = English;
			hasScannedForEncodings = 0;
			knownRegions = (
				en,
				Base,
			);
			mainGroup = 355C6E961AA6F7A7008C168D;
			productRefGroup = 355C6EA01AA6F7A7008C168D /* Products */;
			projectDirPath = "";
			projectRoot = "";
			targets = (
				355C6E9E1AA6F7A7008C168D /* FXMarkSlider */,
				355C6EB71AA6F7A7008C168D /* FXMarkSliderTests */,
			);
		};
/* End PBXProject section */

/* Begin PBXResourcesBuildPhase section */
		355C6E9D1AA6F7A7008C168D /* Resources */ = {
			isa = PBXResourcesBuildPhase;
			buildActionMask = 2147483647;
			files = (
				355C6EAE1AA6F7A7008C168D /* Main.storyboard in Resources */,
				355C6EB31AA6F7A7008C168D /* LaunchScreen.xib in Resources */,
				355C6EB01AA6F7A7008C168D /* Images.xcassets in Resources */,
			);
			runOnlyForDeploymentPostprocessing = 0;
		};
		355C6EB61AA6F7A7008C168D /* Resources */ = {
			isa = PBXResourcesBuildPhase;
			buildActionMask = 2147483647;
			files = (
			);
			runOnlyForDeploymentPostprocessing = 0;
		};
/* End PBXResourcesBuildPhase section */

/* Begin PBXSourcesBuildPhase section */
		355C6E9B1AA6F7A7008C168D /* Sources */ = {
			isa = PBXSourcesBuildPhase;
			buildActionMask = 2147483647;
			files = (
				355C6EAB1AA6F7A7008C168D /* ViewController.m in Sources */,
				355C6ECA1AA6F7BE008C168D /* FXMarkSlider.m in Sources */,
				355C6EA81AA6F7A7008C168D /* AppDelegate.m in Sources */,
				355C6EA51AA6F7A7008C168D /* main.m in Sources */,
			);
			runOnlyForDeploymentPostprocessing = 0;
		};
		355C6EB41AA6F7A7008C168D /* Sources */ = {
			isa = PBXSourcesBuildPhase;
			buildActionMask = 2147483647;
			files = (
				355C6EBF1AA6F7A7008C168D /* FXMarkSliderTests.m in Sources */,
			);
			runOnlyForDeploymentPostprocessing = 0;
		};
/* End PBXSourcesBuildPhase section */

/* Begin PBXTargetDependency section */
		355C6EBA1AA6F7A7008C168D /* PBXTargetDependency */ = {
			isa = PBXTargetDependency;
			target = 355C6E9E1AA6F7A7008C168D /* FXMarkSlider */;
			targetProxy = 355C6EB91AA6F7A7008C168D /* PBXContainerItemProxy */;
		};
/* End PBXTargetDependency section */

/* Begin PBXVariantGroup section */
		355C6EAC1AA6F7A7008C168D /* Main.storyboard */ = {
			isa = PBXVariantGroup;
			children = (
				355C6EAD1AA6F7A7008C168D /* Base */,
			);
			name = Main.storyboard;
			sourceTree = "<group>";
		};
		355C6EB11AA6F7A7008C168D /* LaunchScreen.xib */ = {
			isa = PBXVariantGroup;
			children = (
				355C6EB21AA6F7A7008C168D /* Base */,
			);
			name = LaunchScreen.xib;
			sourceTree = "<group>";
		};
/* End PBXVariantGroup section */

/* Begin XCBuildConfiguration section */
		355C6EC01AA6F7A7008C168D /* Debug */ = {
			isa = XCBuildConfiguration;
			buildSettings = {
				ALWAYS_SEARCH_USER_PATHS = NO;
				CLANG_CXX_LANGUAGE_STANDARD = "gnu++0x";
				CLANG_CXX_LIBRARY = "libc++";
				CLANG_ENABLE_MODULES = YES;
				CLANG_ENABLE_OBJC_ARC = YES;
				CLANG_WARN_BOOL_CONVERSION = YES;
				CLANG_WARN_CONSTANT_CONVERSION = YES;
				CLANG_WARN_DIRECT_OBJC_ISA_USAGE = YES_ERROR;
				CLANG_WARN_EMPTY_BODY = YES;
				CLANG_WARN_ENUM_CONVERSION = YES;
				CLANG_WARN_INT_CONVERSION = YES;
				CLANG_WARN_OBJC_ROOT_CLASS = YES_ERROR;
				CLANG_WARN_UNREACHABLE_CODE = YES;
				CLANG_WARN__DUPLICATE_METHOD_MATCH = YES;
				"CODE_SIGN_IDENTITY[sdk=iphoneos*]" = "iPhone Developer";
				COPY_PHASE_STRIP = NO;
				ENABLE_STRICT_OBJC_MSGSEND = YES;
				GCC_C_LANGUAGE_STANDARD = gnu99;
				GCC_DYNAMIC_NO_PIC = NO;
				GCC_OPTIMIZATION_LEVEL = 0;
				GCC_PREPROCESSOR_DEFINITIONS = (
					"DEBUG=1",
					"$(inherited)",
				);
				GCC_SYMBOLS_PRIVATE_EXTERN = NO;
				GCC_WARN_64_TO_32_BIT_CONVERSION = YES;
				GCC_WARN_ABOUT_RETURN_TYPE = YES_ERROR;
				GCC_WARN_UNDECLARED_SELECTOR = YES;
				GCC_WARN_UNINITIALIZED_AUTOS = YES_AGGRESSIVE;
				GCC_WARN_UNUSED_FUNCTION = YES;
				GCC_WARN_UNUSED_VARIABLE = YES;
				IPHONEOS_DEPLOYMENT_TARGET = 8.1;
				MTL_ENABLE_DEBUG_INFO = YES;
				ONLY_ACTIVE_ARCH = YES;
				SDKROOT = iphoneos;
			};
			name = Debug;
		};
		355C6EC11AA6F7A7008C168D /* Release */ = {
			isa = XCBuildConfiguration;
			buildSettings = {
				ALWAYS_SEARCH_USER_PATHS = NO;
				CLANG_CXX_LANGUAGE_STANDARD = "gnu++0x";
				CLANG_CXX_LIBRARY = "libc++";
				CLANG_ENABLE_MODULES = YES;
				CLANG_ENABLE_OBJC_ARC = YES;
				CLANG_WARN_BOOL_CONVERSION = YES;
				CLANG_WARN_CONSTANT_CONVERSION = YES;
				CLANG_WARN_DIRECT_OBJC_ISA_USAGE = YES_ERROR;
				CLANG_WARN_EMPTY_BODY = YES;
				CLANG_WARN_ENUM_CONVERSION = YES;
				CLANG_WARN_INT_CONVERSION = YES;
				CLANG_WARN_OBJC_ROOT_CLASS = YES_ERROR;
				CLANG_WARN_UNREACHABLE_CODE = YES;
				CLANG_WARN__DUPLICATE_METHOD_MATCH = YES;
				"CODE_SIGN_IDENTITY[sdk=iphoneos*]" = "iPhone Developer";
				COPY_PHASE_STRIP = YES;
				ENABLE_NS_ASSERTIONS = NO;
				ENABLE_STRICT_OBJC_MSGSEND = YES;
				GCC_C_LANGUAGE_STANDARD = gnu99;
				GCC_WARN_64_TO_32_BIT_CONVERSION = YES;
				GCC_WARN_ABOUT_RETURN_TYPE = YES_ERROR;
				GCC_WARN_UNDECLARED_SELECTOR = YES;
				GCC_WARN_UNINITIALIZED_AUTOS = YES_AGGRESSIVE;
				GCC_WARN_UNUSED_FUNCTION = YES;
				GCC_WARN_UNUSED_VARIABLE = YES;
				IPHONEOS_DEPLOYMENT_TARGET = 8.1;
				MTL_ENABLE_DEBUG_INFO = NO;
				SDKROOT = iphoneos;
				VALIDATE_PRODUCT = YES;
			};
			name = Release;
		};
		355C6EC31AA6F7A7008C168D /* Debug */ = {
			isa = XCBuildConfiguration;
			buildSettings = {
				ASSETCATALOG_COMPILER_APPICON_NAME = AppIcon;
				INFOPLIST_FILE = FXMarkSlider/Info.plist;
				LD_RUNPATH_SEARCH_PATHS = "$(inherited) @executable_path/Frameworks";
				PRODUCT_NAME = "$(TARGET_NAME)";
			};
			name = Debug;
		};
		355C6EC41AA6F7A7008C168D /* Release */ = {
			isa = XCBuildConfiguration;
			buildSettings = {
				ASSETCATALOG_COMPILER_APPICON_NAME = AppIcon;
				INFOPLIST_FILE = FXMarkSlider/Info.plist;
				LD_RUNPATH_SEARCH_PATHS = "$(inherited) @executable_path/Frameworks";
				PRODUCT_NAME = "$(TARGET_NAME)";
			};
			name = Release;
		};
		355C6EC61AA6F7A7008C168D /* Debug */ = {
			isa = XCBuildConfiguration;
			buildSettings = {
				BUNDLE_LOADER = "$(TEST_HOST)";
				FRAMEWORK_SEARCH_PATHS = (
					"$(SDKROOT)/Developer/Library/Frameworks",
					"$(inherited)",
				);
				GCC_PREPROCESSOR_DEFINITIONS = (
					"DEBUG=1",
					"$(inherited)",
				);
				INFOPLIST_FILE = FXMarkSliderTests/Info.plist;
				LD_RUNPATH_SEARCH_PATHS = "$(inherited) @executable_path/Frameworks @loader_path/Frameworks";
				PRODUCT_NAME = "$(TARGET_NAME)";
				TEST_HOST = "$(BUILT_PRODUCTS_DIR)/FXMarkSlider.app/FXMarkSlider";
			};
			name = Debug;
		};
		355C6EC71AA6F7A7008C168D /* Release */ = {
			isa = XCBuildConfiguration;
			buildSettings = {
				BUNDLE_LOADER = "$(TEST_HOST)";
				FRAMEWORK_SEARCH_PATHS = (
					"$(SDKROOT)/Developer/Library/Frameworks",
					"$(inherited)",
				);
				INFOPLIST_FILE = FXMarkSliderTests/Info.plist;
				LD_RUNPATH_SEARCH_PATHS = "$(inherited) @executable_path/Frameworks @loader_path/Frameworks";
				PRODUCT_NAME = "$(TARGET_NAME)";
				TEST_HOST = "$(BUILT_PRODUCTS_DIR)/FXMarkSlider.app/FXMarkSlider";
			};
			name = Release;
		};
/* End XCBuildConfiguration section */

/* Begin XCConfigurationList section */
		355C6E9A1AA6F7A7008C168D /* Build configuration list for PBXProject "FXMarkSlider" */ = {
			isa = XCConfigurationList;
			buildConfigurations = (
				355C6EC01AA6F7A7008C168D /* Debug */,
				355C6EC11AA6F7A7008C168D /* Release */,
			);
			defaultConfigurationIsVisible = 0;
			defaultConfigurationName = Release;
		};
		355C6EC21AA6F7A7008C168D /* Build configuration list for PBXNativeTarget "FXMarkSlider" */ = {
			isa = XCConfigurationList;
			buildConfigurations = (
				355C6EC31AA6F7A7008C168D /* Debug */,
				355C6EC41AA6F7A7008C168D /* Release */,
			);
			defaultConfigurationIsVisible = 0;
		};
		355C6EC51AA6F7A7008C168D /* Build configuration list for PBXNativeTarget "FXMarkSliderTests" */ = {
			isa = XCConfigurationList;
			buildConfigurations = (
				355C6EC61AA6F7A7008C168D /* Debug */,
				355C6EC71AA6F7A7008C168D /* Release */,
			);
			defaultConfigurationIsVisible = 0;
		};
/* End XCConfigurationList section */
	};
	rootObject = 355C6E971AA6F7A7008C168D /* Project object */;
}
